{
  "lockfileVersion": 1,
  "dependencies": {
    "angular": {
      "version": "1.6.9",
      "resolved": "http://registry.npm.taobao.org/angular/download/angular-1.6.9.tgz",
      "integrity": "sha1-vIEpMuGJCQOEEtWUpZkPS7ZsBhk="
    },
    "todomvc-app-css": {
      "version": "2.1.1",
      "resolved": "http://registry.npm.taobao.org/todomvc-app-css/download/todomvc-app-css-2.1.1.tgz",
      "integrity": "sha1-H2t6jYJoNjF0eO5uF72KXeLfRVE="
    }
  }
}
